// !$*UTF8*$!
{
	archiveVersion = 1;
	classes = {
	};
	objectVersion = 50;
	objects = {

/* Begin PBXBuildFile section */
		2B861BBC25CF96A800093AB5 /* LandmarksApp.swift in Sources */ = {isa = PBXBuildFile; fileRef = 2B861BBB25CF96A800093AB5 /* LandmarksApp.swift */; };
		2B861BBE25CF96A800093AB5 /* ContentView.swift in Sources */ = {isa = PBXBuildFile; fileRef = 2B861BBD25CF96A800093AB5 /* ContentView.swift */; };
		2B861BC025CF96A900093AB5 /* Assets.xcassets in Resources */ = {isa = PBXBuildFile; fileRef = 2B861BBF25CF96A900093AB5 /* Assets.xcassets */; };
		2B861BC325CF96A900093AB5 /* Preview Assets.xcassets in Resources */ = {isa = PBXBuildFile; fileRef = 2B861BC225CF96A900093AB5 /* Preview Assets.xcassets */; };
		2B861BCC25CF9B3400093AB5 /* CircleImage.swift in Sources */ = {isa = PBXBuildFile; fileRef = 2B861BCB25CF9B3400093AB5 /* CircleImage.swift */; };
		2B861BD025CF9D4E00093AB5 /* MapView.swift in Sources */ = {isa = PBXBuildFile; fileRef = 2B861BCF25CF9D4E00093AB5 /* MapView.swift */; };
		2B861BD425CFD59900093AB5 /* landmarkData.json in Resources */ = {isa = PBXBuildFile; fileRef = 2B861BD325CFD59900093AB5 /* landmarkData.json */; };
		2B861BD725CFD5C000093AB5 /* Landmark.swift in Sources */ = {isa = PBXBuildFile; fileRef = 2B861BD625CFD5C000093AB5 /* Landmark.swift */; };
		2B861BDB25CFD76F00093AB5 /* ModelData.swift in Sources */ = {isa = PBXBuildFile; fileRef = 2B861BDA25CFD76F00093AB5 /* ModelData.swift */; };
		2B861BE325CFD96B00093AB5 /* LandmarkRow.swift in Sources */ = {isa = PBXBuildFile; fileRef = 2B861BE225CFD96B00093AB5 /* LandmarkRow.swift */; };
		2B8E23EC25D0D9D10082D3ED /* HexagonParameters.swift in Sources */ = {isa = PBXBuildFile; fileRef = 2B8E23EB25D0D9D10082D3ED /* HexagonParameters.swift */; };
		2B8E23EF25D0DD520082D3ED /* BadgeBackground.swift in Sources */ = {isa = PBXBuildFile; fileRef = 2B8E23EE25D0DD520082D3ED /* BadgeBackground.swift */; };
		2B8E23F225D0E71D0082D3ED /* BadgeSymbol.swift in Sources */ = {isa = PBXBuildFile; fileRef = 2B8E23F125D0E71D0082D3ED /* BadgeSymbol.swift */; };
		2B8E23F525D0EA880082D3ED /* RotatedBadgeSymbol.swift in Sources */ = {isa = PBXBuildFile; fileRef = 2B8E23F425D0EA880082D3ED /* RotatedBadgeSymbol.swift */; };
		2B8E23F825D0EB790082D3ED /* Badge.swift in Sources */ = {isa = PBXBuildFile; fileRef = 2B8E23F725D0EB790082D3ED /* Badge.swift */; };
		2B8E23FE25D0F54C0082D3ED /* hikeData.json in Resources */ = {isa = PBXBuildFile; fileRef = 2B8E23FD25D0F54C0082D3ED /* hikeData.json */; };
		2B8E240125D0F5A70082D3ED /* Hike.swift in Sources */ = {isa = PBXBuildFile; fileRef = 2B8E240025D0F5A70082D3ED /* Hike.swift */; };
		2B8E240925D0F8A60082D3ED /* GraphCapsule.swift in Sources */ = {isa = PBXBuildFile; fileRef = 2B8E240525D0F8A60082D3ED /* GraphCapsule.swift */; };
		2B8E240A25D0F8A60082D3ED /* HikeGraph.swift in Sources */ = {isa = PBXBuildFile; fileRef = 2B8E240625D0F8A60082D3ED /* HikeGraph.swift */; };
		2B8E240B25D0F8A60082D3ED /* HikeDetail.swift in Sources */ = {isa = PBXBuildFile; fileRef = 2B8E240725D0F8A60082D3ED /* HikeDetail.swift */; };
		2B8E240C25D0F8A60082D3ED /* HikeView.swift in Sources */ = {isa = PBXBuildFile; fileRef = 2B8E240825D0F8A60082D3ED /* HikeView.swift */; };
		2B8E241325D22FEF0082D3ED /* CategoryHome.swift in Sources */ = {isa = PBXBuildFile; fileRef = 2B8E241225D22FEF0082D3ED /* CategoryHome.swift */; };
		2B8E241725D235B60082D3ED /* CategoryRow.swift in Sources */ = {isa = PBXBuildFile; fileRef = 2B8E241625D235B60082D3ED /* CategoryRow.swift */; };
		2B8E241E25D237180082D3ED /* CategoryItem.swift in Sources */ = {isa = PBXBuildFile; fileRef = 2B8E241D25D237180082D3ED /* CategoryItem.swift */; };
		2BFAA31225CFDEA500C01331 /* LandmarkList.swift in Sources */ = {isa = PBXBuildFile; fileRef = 2BFAA31125CFDEA500C01331 /* LandmarkList.swift */; };
		2BFAA31525CFDFDF00C01331 /* LandmarkDetail.swift in Sources */ = {isa = PBXBuildFile; fileRef = 2BFAA31425CFDFDF00C01331 /* LandmarkDetail.swift */; };
		2BFAA31825CFF97400C01331 /* FavoriteButton.swift in Sources */ = {isa = PBXBuildFile; fileRef = 2BFAA31725CFF97400C01331 /* FavoriteButton.swift */; };
/* End PBXBuildFile section */

/* Begin PBXFileReference section */
		2B861BB825CF96A800093AB5 /* Landmarks.app */ = {isa = PBXFileReference; explicitFileType = wrapper.application; includeInIndex = 0; path = Landmarks.app; sourceTree = BUILT_PRODUCTS_DIR; };
		2B861BBB25CF96A800093AB5 /* LandmarksApp.swift */ = {isa = PBXFileReference; lastKnownFileType = sourcecode.swift; path = LandmarksApp.swift; sourceTree = "<group>"; };
		2B861BBD25CF96A800093AB5 /* ContentView.swift */ = {isa = PBXFileReference; lastKnownFileType = sourcecode.swift; path = ContentView.swift; sourceTree = "<group>"; };
		2B861BBF25CF96A900093AB5 /* Assets.xcassets */ = {isa = PBXFileReference; lastKnownFileType = folder.assetcatalog; path = Assets.xcassets; sourceTree = "<group>"; };
		2B861BC225CF96A900093AB5 /* Preview Assets.xcassets */ = {isa = PBXFileReference; lastKnownFileType = folder.assetcatalog; path = "Preview Assets.xcassets"; sourceTree = "<group>"; };
		2B861BC425CF96A900093AB5 /* Info.plist */ = {isa = PBXFileReference; lastKnownFileType = text.plist.xml; path = Info.plist; sourceTree = "<group>"; };
		2B861BCB25CF9B3400093AB5 /* CircleImage.swift */ = {isa = PBXFileReference; lastKnownFileType = sourcecode.swift; path = CircleImage.swift; sourceTree = "<group>"; };
		2B861BCF25CF9D4E00093AB5 /* MapView.swift */ = {isa = PBXFileReference; lastKnownFileType = sourcecode.swift; path = MapView.swift; sourceTree = "<group>"; };
		2B861BD325CFD59900093AB5 /* landmarkData.json */ = {isa = PBXFileReference; fileEncoding = 4; lastKnownFileType = text.json; path = landmarkData.json; sourceTree = "<group>"; };
		2B861BD625CFD5C000093AB5 /* Landmark.swift */ = {isa = PBXFileReference; lastKnownFileType = sourcecode.swift; path = Landmark.swift; sourceTree = "<group>"; };
		2B861BDA25CFD76F00093AB5 /* ModelData.swift */ = {isa = PBXFileReference; lastKnownFileType = sourcecode.swift; path = ModelData.swift; sourceTree = "<group>"; };
		2B861BE225CFD96B00093AB5 /* LandmarkRow.swift */ = {isa = PBXFileReference; lastKnownFileType = sourcecode.swift; path = LandmarkRow.swift; sourceTree = "<group>"; };
		2B8E23EB25D0D9D10082D3ED /* HexagonParameters.swift */ = {isa = PBXFileReference; lastKnownFileType = sourcecode.swift; path = HexagonParameters.swift; sourceTree = "<group>"; };
		2B8E23EE25D0DD520082D3ED /* BadgeBackground.swift */ = {isa = PBXFileReference; lastKnownFileType = sourcecode.swift; path = BadgeBackground.swift; sourceTree = "<group>"; };
		2B8E23F125D0E71D0082D3ED /* BadgeSymbol.swift */ = {isa = PBXFileReference; lastKnownFileType = sourcecode.swift; path = BadgeSymbol.swift; sourceTree = "<group>"; };
		2B8E23F425D0EA880082D3ED /* RotatedBadgeSymbol.swift */ = {isa = PBXFileReference; lastKnownFileType = sourcecode.swift; path = RotatedBadgeSymbol.swift; sourceTree = "<group>"; };
		2B8E23F725D0EB790082D3ED /* Badge.swift */ = {isa = PBXFileReference; lastKnownFileType = sourcecode.swift; path = Badge.swift; sourceTree = "<group>"; };
		2B8E23FD25D0F54C0082D3ED /* hikeData.json */ = {isa = PBXFileReference; fileEncoding = 4; lastKnownFileType = text.json; path = hikeData.json; sourceTree = "<group>"; };
		2B8E240025D0F5A70082D3ED /* Hike.swift */ = {isa = PBXFileReference; lastKnownFileType = sourcecode.swift; path = Hike.swift; sourceTree = "<group>"; };
		2B8E240525D0F8A60082D3ED /* GraphCapsule.swift */ = {isa = PBXFileReference; fileEncoding = 4; lastKnownFileType = sourcecode.swift; path = GraphCapsule.swift; sourceTree = "<group>"; };
		2B8E240625D0F8A60082D3ED /* HikeGraph.swift */ = {isa = PBXFileReference; fileEncoding = 4; lastKnownFileType = sourcecode.swift; path = HikeGraph.swift; sourceTree = "<group>"; };
		2B8E240725D0F8A60082D3ED /* HikeDetail.swift */ = {isa = PBXFileReference; fileEncoding = 4; lastKnownFileType = sourcecode.swift; path = HikeDetail.swift; sourceTree = "<group>"; };
		2B8E240825D0F8A60082D3ED /* HikeView.swift */ = {isa = PBXFileReference; fileEncoding = 4; lastKnownFileType = sourcecode.swift; path = HikeView.swift; sourceTree = "<group>"; };
		2B8E241225D22FEF0082D3ED /* CategoryHome.swift */ = {isa = PBXFileReference; lastKnownFileType = sourcecode.swift; path = CategoryHome.swift; sourceTree = "<group>"; };
		2B8E241625D235B60082D3ED /* CategoryRow.swift */ = {isa = PBXFileReference; lastKnownFileType = sourcecode.swift; path = CategoryRow.swift; sourceTree = "<group>"; };
		2B8E241D25D237180082D3ED /* CategoryItem.swift */ = {isa = PBXFileReference; lastKnownFileType = sourcecode.swift; path = CategoryItem.swift; sourceTree = "<group>"; };
		2BFAA31125CFDEA500C01331 /* LandmarkList.swift */ = {isa = PBXFileReference; lastKnownFileType = sourcecode.swift; path = LandmarkList.swift; sourceTree = "<group>"; };
		2BFAA31425CFDFDF00C01331 /* LandmarkDetail.swift */ = {isa = PBXFileReference; lastKnownFileType = sourcecode.swift; path = LandmarkDetail.swift; sourceTree = "<group>"; };
		2BFAA31725CFF97400C01331 /* FavoriteButton.swift */ = {isa = PBXFileReference; lastKnownFileType = sourcecode.swift; path = FavoriteButton.swift; sourceTree = "<group>"; };
/* End PBXFileReference section */

/* Begin PBXFrameworksBuildPhase section */
		2B861BB525CF96A800093AB5 /* Frameworks */ = {
			isa = PBXFrameworksBuildPhase;
			buildActionMask = 2147483647;
			files = (
			);
			runOnlyForDeploymentPostprocessing = 0;
		};
/* End PBXFrameworksBuildPhase section */

/* Begin PBXGroup section */
		2B861BAF25CF96A700093AB5 = {
			isa = PBXGroup;
			children = (
				2B861BBA25CF96A800093AB5 /* Landmarks */,
				2B861BB925CF96A800093AB5 /* Products */,
			);
			sourceTree = "<group>";
		};
		2B861BB925CF96A800093AB5 /* Products */ = {
			isa = PBXGroup;
			children = (
				2B861BB825CF96A800093AB5 /* Landmarks.app */,
			);
			name = Products;
			sourceTree = "<group>";
		};
		2B861BBA25CF96A800093AB5 /* Landmarks */ = {
			isa = PBXGroup;
			children = (
				2B861BDD25CFD90600093AB5 /* Views */,
				2B861BDF25CFD91100093AB5 /* Model */,
				2B861BE125CFD92300093AB5 /* Resources */,
				2B861BBB25CF96A800093AB5 /* LandmarksApp.swift */,
				2B861BBF25CF96A900093AB5 /* Assets.xcassets */,
				2B861BC425CF96A900093AB5 /* Info.plist */,
				2B861BC125CF96A900093AB5 /* Preview Content */,
			);
			path = Landmarks;
			sourceTree = "<group>";
		};
		2B861BC125CF96A900093AB5 /* Preview Content */ = {
			isa = PBXGroup;
			children = (
				2B861BC225CF96A900093AB5 /* Preview Assets.xcassets */,
			);
			path = "Preview Content";
			sourceTree = "<group>";
		};
		2B861BDD25CFD90600093AB5 /* Views */ = {
			isa = PBXGroup;
			children = (
				2B861BBD25CF96A800093AB5 /* ContentView.swift */,
				2B8E241125D22FCC0082D3ED /* Categories */,
				2B8E240425D0F8A60082D3ED /* Hikes */,
				2BFAA31A25CFFA3E00C01331 /* Landmarks */,
				2BFAA31B25CFFA6B00C01331 /* Helpers */,
				2B8E23FA25D0ED6B0082D3ED /* Badges */,
			);
			path = Views;
			sourceTree = "<group>";
		};
		2B861BDF25CFD91100093AB5 /* Model */ = {
			isa = PBXGroup;
			children = (
				2B861BD625CFD5C000093AB5 /* Landmark.swift */,
				2B861BDA25CFD76F00093AB5 /* ModelData.swift */,
				2B8E240025D0F5A70082D3ED /* Hike.swift */,
			);
			path = Model;
			sourceTree = "<group>";
		};
		2B861BE125CFD92300093AB5 /* Resources */ = {
			isa = PBXGroup;
			children = (
				2B8E23FD25D0F54C0082D3ED /* hikeData.json */,
				2B861BD325CFD59900093AB5 /* landmarkData.json */,
			);
			path = Resources;
			sourceTree = "<group>";
		};
		2B8E23FA25D0ED6B0082D3ED /* Badges */ = {
			isa = PBXGroup;
			children = (
				2B8E23EB25D0D9D10082D3ED /* HexagonParameters.swift */,
				2B8E23EE25D0DD520082D3ED /* BadgeBackground.swift */,
				2B8E23F125D0E71D0082D3ED /* BadgeSymbol.swift */,
				2B8E23F425D0EA880082D3ED /* RotatedBadgeSymbol.swift */,
				2B8E23F725D0EB790082D3ED /* Badge.swift */,
			);
			path = Badges;
			sourceTree = "<group>";
		};
		2B8E240425D0F8A60082D3ED /* Hikes */ = {
			isa = PBXGroup;
			children = (
				2B8E240525D0F8A60082D3ED /* GraphCapsule.swift */,
				2B8E240625D0F8A60082D3ED /* HikeGraph.swift */,
				2B8E240725D0F8A60082D3ED /* HikeDetail.swift */,
				2B8E240825D0F8A60082D3ED /* HikeView.swift */,
			);
			path = Hikes;
			sourceTree = "<group>";
		};
		2B8E241125D22FCC0082D3ED /* Categories */ = {
			isa = PBXGroup;
			children = (
				2B8E241225D22FEF0082D3ED /* CategoryHome.swift */,
				2B8E241625D235B60082D3ED /* CategoryRow.swift */,
				2B8E241D25D237180082D3ED /* CategoryItem.swift */,
			);
			path = Categories;
			sourceTree = "<group>";
		};
		2BFAA31A25CFFA3E00C01331 /* Landmarks */ = {
			isa = PBXGroup;
			children = (
				2B861BE225CFD96B00093AB5 /* LandmarkRow.swift */,
				2BFAA31125CFDEA500C01331 /* LandmarkList.swift */,
				2BFAA31425CFDFDF00C01331 /* LandmarkDetail.swift */,
			);
			path = Landmarks;
			sourceTree = "<group>";
		};
		2BFAA31B25CFFA6B00C01331 /* Helpers */ = {
			isa = PBXGroup;
			children = (
				2B861BCB25CF9B3400093AB5 /* CircleImage.swift */,
				2B861BCF25CF9D4E00093AB5 /* MapView.swift */,
				2BFAA31725CFF97400C01331 /* FavoriteButton.swift */,
			);
			path = Helpers;
			sourceTree = "<group>";
		};
/* End PBXGroup section */

/* Begin PBXNativeTarget section */
		2B861BB725CF96A800093AB5 /* Landmarks */ = {
			isa = PBXNativeTarget;
			buildConfigurationList = 2B861BC725CF96A900093AB5 /* Build configuration list for PBXNativeTarget "Landmarks" */;
			buildPhases = (
				2B861BB425CF96A800093AB5 /* Sources */,
				2B861BB525CF96A800093AB5 /* Frameworks */,
				2B861BB625CF96A800093AB5 /* Resources */,
			);
			buildRules = (
			);
			dependencies = (
			);
			name = Landmarks;
			productName = Landmarks;
			productReference = 2B861BB825CF96A800093AB5 /* Landmarks.app */;
			productType = "com.apple.product-type.application";
		};
/* End PBXNativeTarget section */

/* Begin PBXProject section */
		2B861BB025CF96A700093AB5 /* Project object */ = {
			isa = PBXProject;
			attributes = {
				LastSwiftUpdateCheck = 1240;
				LastUpgradeCheck = 1240;
				TargetAttributes = {
					2B861BB725CF96A800093AB5 = {
						CreatedOnToolsVersion = 12.4;
					};
				};
			};
			buildConfigurationList = 2B861BB325CF96A700093AB5 /* Build configuration list for PBXProject "Landmarks" */;
			compatibilityVersion = "Xcode 9.3";
			developmentRegion = en;
			hasScannedForEncodings = 0;
			knownRegions = (
				en,
				Base,
			);
			mainGroup = 2B861BAF25CF96A700093AB5;
			productRefGroup = 2B861BB925CF96A800093AB5 /* Products */;
			projectDirPath = "";
			projectRoot = "";
			targets = (
				2B861BB725CF96A800093AB5 /* Landmarks */,
			);
		};
/* End PBXProject section */

/* Begin PBXResourcesBuildPhase section */
		2B861BB625CF96A800093AB5 /* Resources */ = {
			isa = PBXResourcesBuildPhase;
			buildActionMask = 2147483647;
			files = (
				2B8E23FE25D0F54C0082D3ED /* hikeData.json in Resources */,
				2B861BC325CF96A900093AB5 /* Preview Assets.xcassets in Resources */,
				2B861BC025CF96A900093AB5 /* Assets.xcassets in Resources */,
				2B861BD425CFD59900093AB5 /* landmarkData.json in Resources */,
			);
			runOnlyForDeploymentPostprocessing = 0;
		};
/* End PBXResourcesBuildPhase section */

/* Begin PBXSourcesBuildPhase section */
		2B861BB425CF96A800093AB5 /* Sources */ = {
			isa = PBXSourcesBuildPhase;
			buildActionMask = 2147483647;
			files = (
				2B8E241725D235B60082D3ED /* CategoryRow.swift in Sources */,
				2B861BBE25CF96A800093AB5 /* ContentView.swift in Sources */,
				2B8E240A25D0F8A60082D3ED /* HikeGraph.swift in Sources */,
				2B8E23F825D0EB790082D3ED /* Badge.swift in Sources */,
				2B861BD025CF9D4E00093AB5 /* MapView.swift in Sources */,
				2B8E240925D0F8A60082D3ED /* GraphCapsule.swift in Sources */,
				2B861BBC25CF96A800093AB5 /* LandmarksApp.swift in Sources */,
				2BFAA31825CFF97400C01331 /* FavoriteButton.swift in Sources */,
				2B8E240B25D0F8A60082D3ED /* HikeDetail.swift in Sources */,
				2B8E241E25D237180082D3ED /* CategoryItem.swift in Sources */,
				2B8E23EC25D0D9D10082D3ED /* HexagonParameters.swift in Sources */,
				2B8E241325D22FEF0082D3ED /* CategoryHome.swift in Sources */,
				2B8E23F525D0EA880082D3ED /* RotatedBadgeSymbol.swift in Sources */,
				2B8E23F225D0E71D0082D3ED /* BadgeSymbol.swift in Sources */,
				2BFAA31225CFDEA500C01331 /* LandmarkList.swift in Sources */,
				2BFAA31525CFDFDF00C01331 /* LandmarkDetail.swift in Sources */,
				2B8E240C25D0F8A60082D3ED /* HikeView.swift in Sources */,
				2B8E240125D0F5A70082D3ED /* Hike.swift in Sources */,
				2B8E23EF25D0DD520082D3ED /* BadgeBackground.swift in Sources */,
				2B861BCC25CF9B3400093AB5 /* CircleImage.swift in Sources */,
				2B861BD725CFD5C000093AB5 /* Landmark.swift in Sources */,
				2B861BE325CFD96B00093AB5 /* LandmarkRow.swift in Sources */,
				2B861BDB25CFD76F00093AB5 /* ModelData.swift in Sources */,
			);
			runOnlyForDeploymentPostprocessing = 0;
		};
/* End PBXSourcesBuildPhase section */

/* Begin XCBuildConfiguration section */
		2B861BC525CF96A900093AB5 /* Debug */ = {
			isa = XCBuildConfiguration;
			buildSettings = {
				ALWAYS_SEARCH_USER_PATHS = NO;
				CLANG_ANALYZER_NONNULL = YES;
				CLANG_ANALYZER_NUMBER_OBJECT_CONVERSION = YES_AGGRESSIVE;
				CLANG_CXX_LANGUAGE_STANDARD = "gnu++14";
				CLANG_CXX_LIBRARY = "libc++";
				CLANG_ENABLE_MODULES = YES;
				CLANG_ENABLE_OBJC_ARC = YES;
				CLANG_ENABLE_OBJC_WEAK = YES;
				CLANG_WARN_BLOCK_CAPTURE_AUTORELEASING = YES;
				CLANG_WARN_BOOL_CONVERSION = YES;
				CLANG_WARN_COMMA = YES;
				CLANG_WARN_CONSTANT_CONVERSION = YES;
				CLANG_WARN_DEPRECATED_OBJC_IMPLEMENTATIONS = YES;
				CLANG_WARN_DIRECT_OBJC_ISA_USAGE = YES_ERROR;
				CLANG_WARN_DOCUMENTATION_COMMENTS = YES;
				CLANG_WARN_EMPTY_BODY = YES;
				CLANG_WARN_ENUM_CONVERSION = YES;
				CLANG_WARN_INFINITE_RECURSION = YES;
				CLANG_WARN_INT_CONVERSION = YES;
				CLANG_WARN_NON_LITERAL_NULL_CONVERSION = YES;
				CLANG_WARN_OBJC_IMPLICIT_RETAIN_SELF = YES;
				CLANG_WARN_OBJC_LITERAL_CONVERSION = YES;
				CLANG_WARN_OBJC_ROOT_CLASS = YES_ERROR;
				CLANG_WARN_QUOTED_INCLUDE_IN_FRAMEWORK_HEADER = YES;
				CLANG_WARN_RANGE_LOOP_ANALYSIS = YES;
				CLANG_WARN_STRICT_PROTOTYPES = YES;
				CLANG_WARN_SUSPICIOUS_MOVE = YES;
				CLANG_WARN_UNGUARDED_AVAILABILITY = YES_AGGRESSIVE;
				CLANG_WARN_UNREACHABLE_CODE = YES;
				CLANG_WARN__DUPLICATE_METHOD_MATCH = YES;
				COPY_PHASE_STRIP = NO;
				DEBUG_INFORMATION_FORMAT = dwarf;
				ENABLE_STRICT_OBJC_MSGSEND = YES;
				ENABLE_TESTABILITY = YES;
				GCC_C_LANGUAGE_STANDARD = gnu11;
				GCC_DYNAMIC_NO_PIC = NO;
				GCC_NO_COMMON_BLOCKS = YES;
				GCC_OPTIMIZATION_LEVEL = 0;
				GCC_PREPROCESSOR_DEFINITIONS = (
					"DEBUG=1",
					"$(inherited)",
				);
				GCC_WARN_64_TO_32_BIT_CONVERSION = YES;
				GCC_WARN_ABOUT_RETURN_TYPE = YES_ERROR;
				GCC_WARN_UNDECLARED_SELECTOR = YES;
				GCC_WARN_UNINITIALIZED_AUTOS = YES_AGGRESSIVE;
				GCC_WARN_UNUSED_FUNCTION = YES;
				GCC_WARN_UNUSED_VARIABLE = YES;
				IPHONEOS_DEPLOYMENT_TARGET = 14.4;
				MTL_ENABLE_DEBUG_INFO = INCLUDE_SOURCE;
				MTL_FAST_MATH = YES;
				ONLY_ACTIVE_ARCH = YES;
				SDKROOT = iphoneos;
				SWIFT_ACTIVE_COMPILATION_CONDITIONS = DEBUG;
				SWIFT_OPTIMIZATION_LEVEL = "-Onone";
			};
			name = Debug;
		};
		2B861BC625CF96A900093AB5 /* Release */ = {
			isa = XCBuildConfiguration;
			buildSettings = {
				ALWAYS_SEARCH_USER_PATHS = NO;
				CLANG_ANALYZER_NONNULL = YES;
				CLANG_ANALYZER_NUMBER_OBJECT_CONVERSION = YES_AGGRESSIVE;
				CLANG_CXX_LANGUAGE_STANDARD = "gnu++14";
				CLANG_CXX_LIBRARY = "libc++";
				CLANG_ENABLE_MODULES = YES;
				CLANG_ENABLE_OBJC_ARC = YES;
				CLANG_ENABLE_OBJC_WEAK = YES;
				CLANG_WARN_BLOCK_CAPTURE_AUTORELEASING = YES;
				CLANG_WARN_BOOL_CONVERSION = YES;
				CLANG_WARN_COMMA = YES;
				CLANG_WARN_CONSTANT_CONVERSION = YES;
				CLANG_WARN_DEPRECATED_OBJC_IMPLEMENTATIONS = YES;
				CLANG_WARN_DIRECT_OBJC_ISA_USAGE = YES_ERROR;
				CLANG_WARN_DOCUMENTATION_COMMENTS = YES;
				CLANG_WARN_EMPTY_BODY = YES;
				CLANG_WARN_ENUM_CONVERSION = YES;
				CLANG_WARN_INFINITE_RECURSION = YES;
				CLANG_WARN_INT_CONVERSION = YES;
				CLANG_WARN_NON_LITERAL_NULL_CONVERSION = YES;
				CLANG_WARN_OBJC_IMPLICIT_RETAIN_SELF = YES;
				CLANG_WARN_OBJC_LITERAL_CONVERSION = YES;
				CLANG_WARN_OBJC_ROOT_CLASS = YES_ERROR;
				CLANG_WARN_QUOTED_INCLUDE_IN_FRAMEWORK_HEADER = YES;
				CLANG_WARN_RANGE_LOOP_ANALYSIS = YES;
				CLANG_WARN_STRICT_PROTOTYPES = YES;
				CLANG_WARN_SUSPICIOUS_MOVE = YES;
				CLANG_WARN_UNGUARDED_AVAILABILITY = YES_AGGRESSIVE;
				CLANG_WARN_UNREACHABLE_CODE = YES;
				CLANG_WARN__DUPLICATE_METHOD_MATCH = YES;
				COPY_PHASE_STRIP = NO;
				DEBUG_INFORMATION_FORMAT = "dwarf-with-dsym";
				ENABLE_NS_ASSERTIONS = NO;
				ENABLE_STRICT_OBJC_MSGSEND = YES;
				GCC_C_LANGUAGE_STANDARD = gnu11;
				GCC_NO_COMMON_BLOCKS = YES;
				GCC_WARN_64_TO_32_BIT_CONVERSION = YES;
				GCC_WARN_ABOUT_RETURN_TYPE = YES_ERROR;
				GCC_WARN_UNDECLARED_SELECTOR = YES;
				GCC_WARN_UNINITIALIZED_AUTOS = YES_AGGRESSIVE;
				GCC_WARN_UNUSED_FUNCTION = YES;
				GCC_WARN_UNUSED_VARIABLE = YES;
				IPHONEOS_DEPLOYMENT_TARGET = 14.4;
				MTL_ENABLE_DEBUG_INFO = NO;
				MTL_FAST_MATH = YES;
				SDKROOT = iphoneos;
				SWIFT_COMPILATION_MODE = wholemodule;
				SWIFT_OPTIMIZATION_LEVEL = "-O";
				VALIDATE_PRODUCT = YES;
			};
			name = Release;
		};
		2B861BC825CF96A900093AB5 /* Debug */ = {
			isa = XCBuildConfiguration;
			buildSettings = {
				ASSETCATALOG_COMPILER_APPICON_NAME = AppIcon;
				ASSETCATALOG_COMPILER_GLOBAL_ACCENT_COLOR_NAME = AccentColor;
				CODE_SIGN_STYLE = Automatic;
				DEVELOPMENT_ASSET_PATHS = "\"Landmarks/Preview Content\"";
				DEVELOPMENT_TEAM = 8FD7H88AFX;
				ENABLE_PREVIEWS = YES;
				INFOPLIST_FILE = Landmarks/Info.plist;
				IPHONEOS_DEPLOYMENT_TARGET = 14.0;
				LD_RUNPATH_SEARCH_PATHS = (
					"$(inherited)",
					"@executable_path/Frameworks",
				);
				PRODUCT_BUNDLE_IDENTIFIER = com.santaputra.Landmarks;
				PRODUCT_NAME = "$(TARGET_NAME)";
				SWIFT_VERSION = 5.0;
				TARGETED_DEVICE_FAMILY = "1,2";
			};
			name = Debug;
		};
		2B861BC925CF96A900093AB5 /* Release */ = {
			isa = XCBuildConfiguration;
			buildSettings = {
				ASSETCATALOG_COMPILER_APPICON_NAME = AppIcon;
				ASSETCATALOG_COMPILER_GLOBAL_ACCENT_COLOR_NAME = AccentColor;
				CODE_SIGN_STYLE = Automatic;
				DEVELOPMENT_ASSET_PATHS = "\"Landmarks/Preview Content\"";
				DEVELOPMENT_TEAM = 8FD7H88AFX;
				ENABLE_PREVIEWS = YES;
				INFOPLIST_FILE = Landmarks/Info.plist;
				IPHONEOS_DEPLOYMENT_TARGET = 14.0;
				LD_RUNPATH_SEARCH_PATHS = (
					"$(inherited)",
					"@executable_path/Frameworks",
				);
				PRODUCT_BUNDLE_IDENTIFIER = com.santaputra.Landmarks;
				PRODUCT_NAME = "$(TARGET_NAME)";
				SWIFT_VERSION = 5.0;
				TARGETED_DEVICE_FAMILY = "1,2";
			};
			name = Release;
		};
/* End XCBuildConfiguration section */

/* Begin XCConfigurationList section */
		2B861BB325CF96A700093AB5 /* Build configuration list for PBXProject "Landmarks" */ = {
			isa = XCConfigurationList;
			buildConfigurations = (
				2B861BC525CF96A900093AB5 /* Debug */,
				2B861BC625CF96A900093AB5 /* Release */,
			);
			defaultConfigurationIsVisible = 0;
			defaultConfigurationName = Release;
		};
		2B861BC725CF96A900093AB5 /* Build configuration list for PBXNativeTarget "Landmarks" */ = {
			isa = XCConfigurationList;
			buildConfigurations = (
				2B861BC825CF96A900093AB5 /* Debug */,
				2B861BC925CF96A900093AB5 /* Release */,
			);
			defaultConfigurationIsVisible = 0;
			defaultConfigurationName = Release;
		};
/* End XCConfigurationList section */
	};
	rootObject = 2B861BB025CF96A700093AB5 /* Project object */;
}
