// !$*UTF8*$!
{
	archiveVersion = 1;
	classes = {
	};
	objectVersion = 50;
	objects = {

/* Begin PBXBuildFile section */
		2B06D98625D8BD7A001DE248 /* Assets.xcassets in Resources */ = {isa = PBXBuildFile; fileRef = 2B06D98525D8BD7A001DE248 /* Assets.xcassets */; };
		2B06D98D25D8BD7A001DE248 /* WatchLandmarks Extension.appex in Embed App Extensions */ = {isa = PBXBuildFile; fileRef = 2B06D98C25D8BD7A001DE248 /* WatchLandmarks Extension.appex */; settings = {ATTRIBUTES = (RemoveHeadersOnCopy, ); }; };
		2B06D99425D8BD7B001DE248 /* ContentView.swift in Sources */ = {isa = PBXBuildFile; fileRef = 2B06D99325D8BD7B001DE248 /* ContentView.swift */; };
		2B06D99625D8BD7B001DE248 /* NotificationController.swift in Sources */ = {isa = PBXBuildFile; fileRef = 2B06D99525D8BD7B001DE248 /* NotificationController.swift */; };
		2B06D99825D8BD7B001DE248 /* NotificationView.swift in Sources */ = {isa = PBXBuildFile; fileRef = 2B06D99725D8BD7B001DE248 /* NotificationView.swift */; };
		2B06D99A25D8BD7B001DE248 /* ComplicationController.swift in Sources */ = {isa = PBXBuildFile; fileRef = 2B06D99925D8BD7B001DE248 /* ComplicationController.swift */; };
		2B06D99C25D8BD7B001DE248 /* Assets.xcassets in Resources */ = {isa = PBXBuildFile; fileRef = 2B06D99B25D8BD7B001DE248 /* Assets.xcassets */; };
		2B06D99F25D8BD7B001DE248 /* Preview Assets.xcassets in Resources */ = {isa = PBXBuildFile; fileRef = 2B06D99E25D8BD7B001DE248 /* Preview Assets.xcassets */; };
		2B06D9A425D8BD7C001DE248 /* WatchLandmarks.app in Embed Watch Content */ = {isa = PBXBuildFile; fileRef = 2B06D98325D8BD79001DE248 /* WatchLandmarks.app */; settings = {ATTRIBUTES = (RemoveHeadersOnCopy, ); }; };
		2B06D9B925D8BF4D001DE248 /* landmarkData.json in Resources */ = {isa = PBXBuildFile; fileRef = 2B861BD325CFD59900093AB5 /* landmarkData.json */; };
		2B06D9BA25D8BF4D001DE248 /* CircleImage.swift in Sources */ = {isa = PBXBuildFile; fileRef = 2B861BCB25CF9B3400093AB5 /* CircleImage.swift */; };
		2B06D9BB25D8BF4D001DE248 /* hikeData.json in Resources */ = {isa = PBXBuildFile; fileRef = 2B8E23FD25D0F54C0082D3ED /* hikeData.json */; };
		2B06D9BC25D8BF4D001DE248 /* LandmarkList.swift in Sources */ = {isa = PBXBuildFile; fileRef = 2BFAA31125CFDEA500C01331 /* LandmarkList.swift */; };
		2B06D9BD25D8BF4D001DE248 /* LandmarkRow.swift in Sources */ = {isa = PBXBuildFile; fileRef = 2B861BE225CFD96B00093AB5 /* LandmarkRow.swift */; };
		2B06D9BE25D8BF4D001DE248 /* Landmark.swift in Sources */ = {isa = PBXBuildFile; fileRef = 2B861BD625CFD5C000093AB5 /* Landmark.swift */; };
		2B06D9BF25D8BF4D001DE248 /* ModelData.swift in Sources */ = {isa = PBXBuildFile; fileRef = 2B861BDA25CFD76F00093AB5 /* ModelData.swift */; };
		2B06D9C025D8BF4D001DE248 /* Profile.swift in Sources */ = {isa = PBXBuildFile; fileRef = 2B8E242125D272500082D3ED /* Profile.swift */; };
		2B06D9C125D8BF4D001DE248 /* Hike.swift in Sources */ = {isa = PBXBuildFile; fileRef = 2B8E240025D0F5A70082D3ED /* Hike.swift */; };
		2B06D9C225D8BF4D001DE248 /* LandmarksApp.swift in Sources */ = {isa = PBXBuildFile; fileRef = 2B861BBB25CF96A800093AB5 /* LandmarksApp.swift */; };
		2B06D9C325D8BF4D001DE248 /* MapView.swift in Sources */ = {isa = PBXBuildFile; fileRef = 2B861BCF25CF9D4E00093AB5 /* MapView.swift */; };
		2B06D9C425D8BF4D001DE248 /* Assets.xcassets in Resources */ = {isa = PBXBuildFile; fileRef = 2B861BBF25CF96A900093AB5 /* Assets.xcassets */; };
		2B06D9C925D8C00E001DE248 /* LandmarkDetail.swift in Sources */ = {isa = PBXBuildFile; fileRef = 2B06D9C825D8C00E001DE248 /* LandmarkDetail.swift */; };
		2B861BBC25CF96A800093AB5 /* LandmarksApp.swift in Sources */ = {isa = PBXBuildFile; fileRef = 2B861BBB25CF96A800093AB5 /* LandmarksApp.swift */; };
		2B861BBE25CF96A800093AB5 /* ContentView.swift in Sources */ = {isa = PBXBuildFile; fileRef = 2B861BBD25CF96A800093AB5 /* ContentView.swift */; };
		2B861BC025CF96A900093AB5 /* Assets.xcassets in Resources */ = {isa = PBXBuildFile; fileRef = 2B861BBF25CF96A900093AB5 /* Assets.xcassets */; };
		2B861BC325CF96A900093AB5 /* Preview Assets.xcassets in Resources */ = {isa = PBXBuildFile; fileRef = 2B861BC225CF96A900093AB5 /* Preview Assets.xcassets */; };
		2B861BCC25CF9B3400093AB5 /* CircleImage.swift in Sources */ = {isa = PBXBuildFile; fileRef = 2B861BCB25CF9B3400093AB5 /* CircleImage.swift */; };
		2B861BD025CF9D4E00093AB5 /* MapView.swift in Sources */ = {isa = PBXBuildFile; fileRef = 2B861BCF25CF9D4E00093AB5 /* MapView.swift */; };
		2B861BD425CFD59900093AB5 /* landmarkData.json in Resources */ = {isa = PBXBuildFile; fileRef = 2B861BD325CFD59900093AB5 /* landmarkData.json */; };
		2B861BD725CFD5C000093AB5 /* Landmark.swift in Sources */ = {isa = PBXBuildFile; fileRef = 2B861BD625CFD5C000093AB5 /* Landmark.swift */; };
		2B861BDB25CFD76F00093AB5 /* ModelData.swift in Sources */ = {isa = PBXBuildFile; fileRef = 2B861BDA25CFD76F00093AB5 /* ModelData.swift */; };
		2B861BE325CFD96B00093AB5 /* LandmarkRow.swift in Sources */ = {isa = PBXBuildFile; fileRef = 2B861BE225CFD96B00093AB5 /* LandmarkRow.swift */; };
		2B8E23EC25D0D9D10082D3ED /* HexagonParameters.swift in Sources */ = {isa = PBXBuildFile; fileRef = 2B8E23EB25D0D9D10082D3ED /* HexagonParameters.swift */; };
		2B8E23EF25D0DD520082D3ED /* BadgeBackground.swift in Sources */ = {isa = PBXBuildFile; fileRef = 2B8E23EE25D0DD520082D3ED /* BadgeBackground.swift */; };
		2B8E23F225D0E71D0082D3ED /* BadgeSymbol.swift in Sources */ = {isa = PBXBuildFile; fileRef = 2B8E23F125D0E71D0082D3ED /* BadgeSymbol.swift */; };
		2B8E23F525D0EA880082D3ED /* RotatedBadgeSymbol.swift in Sources */ = {isa = PBXBuildFile; fileRef = 2B8E23F425D0EA880082D3ED /* RotatedBadgeSymbol.swift */; };
		2B8E23F825D0EB790082D3ED /* Badge.swift in Sources */ = {isa = PBXBuildFile; fileRef = 2B8E23F725D0EB790082D3ED /* Badge.swift */; };
		2B8E23FE25D0F54C0082D3ED /* hikeData.json in Resources */ = {isa = PBXBuildFile; fileRef = 2B8E23FD25D0F54C0082D3ED /* hikeData.json */; };
		2B8E240125D0F5A70082D3ED /* Hike.swift in Sources */ = {isa = PBXBuildFile; fileRef = 2B8E240025D0F5A70082D3ED /* Hike.swift */; };
		2B8E240925D0F8A60082D3ED /* GraphCapsule.swift in Sources */ = {isa = PBXBuildFile; fileRef = 2B8E240525D0F8A60082D3ED /* GraphCapsule.swift */; };
		2B8E240A25D0F8A60082D3ED /* HikeGraph.swift in Sources */ = {isa = PBXBuildFile; fileRef = 2B8E240625D0F8A60082D3ED /* HikeGraph.swift */; };
		2B8E240B25D0F8A60082D3ED /* HikeDetail.swift in Sources */ = {isa = PBXBuildFile; fileRef = 2B8E240725D0F8A60082D3ED /* HikeDetail.swift */; };
		2B8E240C25D0F8A60082D3ED /* HikeView.swift in Sources */ = {isa = PBXBuildFile; fileRef = 2B8E240825D0F8A60082D3ED /* HikeView.swift */; };
		2B8E241325D22FEF0082D3ED /* CategoryHome.swift in Sources */ = {isa = PBXBuildFile; fileRef = 2B8E241225D22FEF0082D3ED /* CategoryHome.swift */; };
		2B8E241725D235B60082D3ED /* CategoryRow.swift in Sources */ = {isa = PBXBuildFile; fileRef = 2B8E241625D235B60082D3ED /* CategoryRow.swift */; };
		2B8E241E25D237180082D3ED /* CategoryItem.swift in Sources */ = {isa = PBXBuildFile; fileRef = 2B8E241D25D237180082D3ED /* CategoryItem.swift */; };
		2B8E242225D272500082D3ED /* Profile.swift in Sources */ = {isa = PBXBuildFile; fileRef = 2B8E242125D272500082D3ED /* Profile.swift */; };
		2B8E242625D273AB0082D3ED /* ProfileHost.swift in Sources */ = {isa = PBXBuildFile; fileRef = 2B8E242525D273AB0082D3ED /* ProfileHost.swift */; };
		2B8E242A25D274040082D3ED /* ProfileSummary.swift in Sources */ = {isa = PBXBuildFile; fileRef = 2B8E242925D274040082D3ED /* ProfileSummary.swift */; };
		2B8E242D25D275260082D3ED /* HikeBadge.swift in Sources */ = {isa = PBXBuildFile; fileRef = 2B8E242C25D275260082D3ED /* HikeBadge.swift */; };
		2B8E243025D282650082D3ED /* ProfileEditor.swift in Sources */ = {isa = PBXBuildFile; fileRef = 2B8E242F25D282650082D3ED /* ProfileEditor.swift */; };
		2B8E243425D3A2680082D3ED /* PageViewController.swift in Sources */ = {isa = PBXBuildFile; fileRef = 2B8E243325D3A2680082D3ED /* PageViewController.swift */; };
		2B8E243825D3A5170082D3ED /* FeatureCard.swift in Sources */ = {isa = PBXBuildFile; fileRef = 2B8E243725D3A5170082D3ED /* FeatureCard.swift */; };
		2B8E243B25D3A6820082D3ED /* PageView.swift in Sources */ = {isa = PBXBuildFile; fileRef = 2B8E243A25D3A6820082D3ED /* PageView.swift */; };
		2B8E244225D3D37C0082D3ED /* PageControl.swift in Sources */ = {isa = PBXBuildFile; fileRef = 2B8E244125D3D37C0082D3ED /* PageControl.swift */; };
		2BFAA31225CFDEA500C01331 /* LandmarkList.swift in Sources */ = {isa = PBXBuildFile; fileRef = 2BFAA31125CFDEA500C01331 /* LandmarkList.swift */; };
		2BFAA31525CFDFDF00C01331 /* LandmarkDetail.swift in Sources */ = {isa = PBXBuildFile; fileRef = 2BFAA31425CFDFDF00C01331 /* LandmarkDetail.swift */; };
		2BFAA31825CFF97400C01331 /* FavoriteButton.swift in Sources */ = {isa = PBXBuildFile; fileRef = 2BFAA31725CFF97400C01331 /* FavoriteButton.swift */; };
/* End PBXBuildFile section */

/* Begin PBXContainerItemProxy section */
		2B06D98E25D8BD7A001DE248 /* PBXContainerItemProxy */ = {
			isa = PBXContainerItemProxy;
			containerPortal = 2B861BB025CF96A700093AB5 /* Project object */;
			proxyType = 1;
			remoteGlobalIDString = 2B06D98B25D8BD7A001DE248;
			remoteInfo = "WatchLandmarks Extension";
		};
		2B06D9A225D8BD7C001DE248 /* PBXContainerItemProxy */ = {
			isa = PBXContainerItemProxy;
			containerPortal = 2B861BB025CF96A700093AB5 /* Project object */;
			proxyType = 1;
			remoteGlobalIDString = 2B06D98225D8BD79001DE248;
			remoteInfo = WatchLandmarks;
		};
/* End PBXContainerItemProxy section */

/* Begin PBXCopyFilesBuildPhase section */
		2B06D9A525D8BD7C001DE248 /* Embed Watch Content */ = {
			isa = PBXCopyFilesBuildPhase;
			buildActionMask = 2147483647;
			dstPath = "$(CONTENTS_FOLDER_PATH)/Watch";
			dstSubfolderSpec = 16;
			files = (
				2B06D9A425D8BD7C001DE248 /* WatchLandmarks.app in Embed Watch Content */,
			);
			name = "Embed Watch Content";
			runOnlyForDeploymentPostprocessing = 0;
		};
		2B06D9A825D8BD7C001DE248 /* Embed App Extensions */ = {
			isa = PBXCopyFilesBuildPhase;
			buildActionMask = 2147483647;
			dstPath = "";
			dstSubfolderSpec = 13;
			files = (
				2B06D98D25D8BD7A001DE248 /* WatchLandmarks Extension.appex in Embed App Extensions */,
			);
			name = "Embed App Extensions";
			runOnlyForDeploymentPostprocessing = 0;
		};
/* End PBXCopyFilesBuildPhase section */

/* Begin PBXFileReference section */
		2B06D98325D8BD79001DE248 /* WatchLandmarks.app */ = {isa = PBXFileReference; explicitFileType = wrapper.application; includeInIndex = 0; path = WatchLandmarks.app; sourceTree = BUILT_PRODUCTS_DIR; };
		2B06D98525D8BD7A001DE248 /* Assets.xcassets */ = {isa = PBXFileReference; lastKnownFileType = folder.assetcatalog; path = Assets.xcassets; sourceTree = "<group>"; };
		2B06D98725D8BD7A001DE248 /* Info.plist */ = {isa = PBXFileReference; lastKnownFileType = text.plist.xml; path = Info.plist; sourceTree = "<group>"; };
		2B06D98C25D8BD7A001DE248 /* WatchLandmarks Extension.appex */ = {isa = PBXFileReference; explicitFileType = "wrapper.app-extension"; includeInIndex = 0; path = "WatchLandmarks Extension.appex"; sourceTree = BUILT_PRODUCTS_DIR; };
		2B06D99325D8BD7B001DE248 /* ContentView.swift */ = {isa = PBXFileReference; lastKnownFileType = sourcecode.swift; path = ContentView.swift; sourceTree = "<group>"; };
		2B06D99525D8BD7B001DE248 /* NotificationController.swift */ = {isa = PBXFileReference; lastKnownFileType = sourcecode.swift; path = NotificationController.swift; sourceTree = "<group>"; };
		2B06D99725D8BD7B001DE248 /* NotificationView.swift */ = {isa = PBXFileReference; lastKnownFileType = sourcecode.swift; path = NotificationView.swift; sourceTree = "<group>"; };
		2B06D99925D8BD7B001DE248 /* ComplicationController.swift */ = {isa = PBXFileReference; lastKnownFileType = sourcecode.swift; path = ComplicationController.swift; sourceTree = "<group>"; };
		2B06D99B25D8BD7B001DE248 /* Assets.xcassets */ = {isa = PBXFileReference; lastKnownFileType = folder.assetcatalog; path = Assets.xcassets; sourceTree = "<group>"; };
		2B06D99E25D8BD7B001DE248 /* Preview Assets.xcassets */ = {isa = PBXFileReference; lastKnownFileType = folder.assetcatalog; path = "Preview Assets.xcassets"; sourceTree = "<group>"; };
		2B06D9A025D8BD7C001DE248 /* Info.plist */ = {isa = PBXFileReference; lastKnownFileType = text.plist.xml; path = Info.plist; sourceTree = "<group>"; };
		2B06D9A125D8BD7C001DE248 /* PushNotificationPayload.apns */ = {isa = PBXFileReference; lastKnownFileType = text; path = PushNotificationPayload.apns; sourceTree = "<group>"; };
		2B06D9C825D8C00E001DE248 /* LandmarkDetail.swift */ = {isa = PBXFileReference; lastKnownFileType = sourcecode.swift; path = LandmarkDetail.swift; sourceTree = "<group>"; };
		2B861BB825CF96A800093AB5 /* Landmarks.app */ = {isa = PBXFileReference; explicitFileType = wrapper.application; includeInIndex = 0; path = Landmarks.app; sourceTree = BUILT_PRODUCTS_DIR; };
		2B861BBB25CF96A800093AB5 /* LandmarksApp.swift */ = {isa = PBXFileReference; lastKnownFileType = sourcecode.swift; path = LandmarksApp.swift; sourceTree = "<group>"; };
		2B861BBD25CF96A800093AB5 /* ContentView.swift */ = {isa = PBXFileReference; lastKnownFileType = sourcecode.swift; path = ContentView.swift; sourceTree = "<group>"; };
		2B861BBF25CF96A900093AB5 /* Assets.xcassets */ = {isa = PBXFileReference; lastKnownFileType = folder.assetcatalog; path = Assets.xcassets; sourceTree = "<group>"; };
		2B861BC225CF96A900093AB5 /* Preview Assets.xcassets */ = {isa = PBXFileReference; lastKnownFileType = folder.assetcatalog; path = "Preview Assets.xcassets"; sourceTree = "<group>"; };
		2B861BC425CF96A900093AB5 /* Info.plist */ = {isa = PBXFileReference; lastKnownFileType = text.plist.xml; path = Info.plist; sourceTree = "<group>"; };
		2B861BCB25CF9B3400093AB5 /* CircleImage.swift */ = {isa = PBXFileReference; lastKnownFileType = sourcecode.swift; path = CircleImage.swift; sourceTree = "<group>"; };
		2B861BCF25CF9D4E00093AB5 /* MapView.swift */ = {isa = PBXFileReference; lastKnownFileType = sourcecode.swift; path = MapView.swift; sourceTree = "<group>"; };
		2B861BD325CFD59900093AB5 /* landmarkData.json */ = {isa = PBXFileReference; fileEncoding = 4; lastKnownFileType = text.json; path = landmarkData.json; sourceTree = "<group>"; };
		2B861BD625CFD5C000093AB5 /* Landmark.swift */ = {isa = PBXFileReference; lastKnownFileType = sourcecode.swift; path = Landmark.swift; sourceTree = "<group>"; };
		2B861BDA25CFD76F00093AB5 /* ModelData.swift */ = {isa = PBXFileReference; lastKnownFileType = sourcecode.swift; path = ModelData.swift; sourceTree = "<group>"; };
		2B861BE225CFD96B00093AB5 /* LandmarkRow.swift */ = {isa = PBXFileReference; lastKnownFileType = sourcecode.swift; path = LandmarkRow.swift; sourceTree = "<group>"; };
		2B8E23EB25D0D9D10082D3ED /* HexagonParameters.swift */ = {isa = PBXFileReference; lastKnownFileType = sourcecode.swift; path = HexagonParameters.swift; sourceTree = "<group>"; };
		2B8E23EE25D0DD520082D3ED /* BadgeBackground.swift */ = {isa = PBXFileReference; lastKnownFileType = sourcecode.swift; path = BadgeBackground.swift; sourceTree = "<group>"; };
		2B8E23F125D0E71D0082D3ED /* BadgeSymbol.swift */ = {isa = PBXFileReference; lastKnownFileType = sourcecode.swift; path = BadgeSymbol.swift; sourceTree = "<group>"; };
		2B8E23F425D0EA880082D3ED /* RotatedBadgeSymbol.swift */ = {isa = PBXFileReference; lastKnownFileType = sourcecode.swift; path = RotatedBadgeSymbol.swift; sourceTree = "<group>"; };
		2B8E23F725D0EB790082D3ED /* Badge.swift */ = {isa = PBXFileReference; lastKnownFileType = sourcecode.swift; path = Badge.swift; sourceTree = "<group>"; };
		2B8E23FD25D0F54C0082D3ED /* hikeData.json */ = {isa = PBXFileReference; fileEncoding = 4; lastKnownFileType = text.json; path = hikeData.json; sourceTree = "<group>"; };
		2B8E240025D0F5A70082D3ED /* Hike.swift */ = {isa = PBXFileReference; lastKnownFileType = sourcecode.swift; path = Hike.swift; sourceTree = "<group>"; };
		2B8E240525D0F8A60082D3ED /* GraphCapsule.swift */ = {isa = PBXFileReference; fileEncoding = 4; lastKnownFileType = sourcecode.swift; path = GraphCapsule.swift; sourceTree = "<group>"; };
		2B8E240625D0F8A60082D3ED /* HikeGraph.swift */ = {isa = PBXFileReference; fileEncoding = 4; lastKnownFileType = sourcecode.swift; path = HikeGraph.swift; sourceTree = "<group>"; };
		2B8E240725D0F8A60082D3ED /* HikeDetail.swift */ = {isa = PBXFileReference; fileEncoding = 4; lastKnownFileType = sourcecode.swift; path = HikeDetail.swift; sourceTree = "<group>"; };
		2B8E240825D0F8A60082D3ED /* HikeView.swift */ = {isa = PBXFileReference; fileEncoding = 4; lastKnownFileType = sourcecode.swift; path = HikeView.swift; sourceTree = "<group>"; };
		2B8E241225D22FEF0082D3ED /* CategoryHome.swift */ = {isa = PBXFileReference; lastKnownFileType = sourcecode.swift; path = CategoryHome.swift; sourceTree = "<group>"; };
		2B8E241625D235B60082D3ED /* CategoryRow.swift */ = {isa = PBXFileReference; lastKnownFileType = sourcecode.swift; path = CategoryRow.swift; sourceTree = "<group>"; };
		2B8E241D25D237180082D3ED /* CategoryItem.swift */ = {isa = PBXFileReference; lastKnownFileType = sourcecode.swift; path = CategoryItem.swift; sourceTree = "<group>"; };
		2B8E242125D272500082D3ED /* Profile.swift */ = {isa = PBXFileReference; lastKnownFileType = sourcecode.swift; path = Profile.swift; sourceTree = "<group>"; };
		2B8E242525D273AB0082D3ED /* ProfileHost.swift */ = {isa = PBXFileReference; lastKnownFileType = sourcecode.swift; path = ProfileHost.swift; sourceTree = "<group>"; };
		2B8E242925D274040082D3ED /* ProfileSummary.swift */ = {isa = PBXFileReference; lastKnownFileType = sourcecode.swift; path = ProfileSummary.swift; sourceTree = "<group>"; };
		2B8E242C25D275260082D3ED /* HikeBadge.swift */ = {isa = PBXFileReference; lastKnownFileType = sourcecode.swift; path = HikeBadge.swift; sourceTree = "<group>"; };
		2B8E242F25D282650082D3ED /* ProfileEditor.swift */ = {isa = PBXFileReference; lastKnownFileType = sourcecode.swift; path = ProfileEditor.swift; sourceTree = "<group>"; };
		2B8E243325D3A2680082D3ED /* PageViewController.swift */ = {isa = PBXFileReference; lastKnownFileType = sourcecode.swift; path = PageViewController.swift; sourceTree = "<group>"; };
		2B8E243725D3A5170082D3ED /* FeatureCard.swift */ = {isa = PBXFileReference; lastKnownFileType = sourcecode.swift; path = FeatureCard.swift; sourceTree = "<group>"; };
		2B8E243A25D3A6820082D3ED /* PageView.swift */ = {isa = PBXFileReference; lastKnownFileType = sourcecode.swift; path = PageView.swift; sourceTree = "<group>"; };
		2B8E244125D3D37C0082D3ED /* PageControl.swift */ = {isa = PBXFileReference; lastKnownFileType = sourcecode.swift; path = PageControl.swift; sourceTree = "<group>"; };
		2BFAA31125CFDEA500C01331 /* LandmarkList.swift */ = {isa = PBXFileReference; lastKnownFileType = sourcecode.swift; path = LandmarkList.swift; sourceTree = "<group>"; };
		2BFAA31425CFDFDF00C01331 /* LandmarkDetail.swift */ = {isa = PBXFileReference; lastKnownFileType = sourcecode.swift; path = LandmarkDetail.swift; sourceTree = "<group>"; };
		2BFAA31725CFF97400C01331 /* FavoriteButton.swift */ = {isa = PBXFileReference; lastKnownFileType = sourcecode.swift; path = FavoriteButton.swift; sourceTree = "<group>"; };
/* End PBXFileReference section */

/* Begin PBXFrameworksBuildPhase section */
		2B06D98925D8BD7A001DE248 /* Frameworks */ = {
			isa = PBXFrameworksBuildPhase;
			buildActionMask = 2147483647;
			files = (
			);
			runOnlyForDeploymentPostprocessing = 0;
		};
		2B861BB525CF96A800093AB5 /* Frameworks */ = {
			isa = PBXFrameworksBuildPhase;
			buildActionMask = 2147483647;
			files = (
			);
			runOnlyForDeploymentPostprocessing = 0;
		};
/* End PBXFrameworksBuildPhase section */

/* Begin PBXGroup section */
		2B06D98425D8BD79001DE248 /* WatchLandmarks */ = {
			isa = PBXGroup;
			children = (
				2B06D98525D8BD7A001DE248 /* Assets.xcassets */,
				2B06D98725D8BD7A001DE248 /* Info.plist */,
			);
			path = WatchLandmarks;
			sourceTree = "<group>";
		};
		2B06D99025D8BD7B001DE248 /* WatchLandmarks Extension */ = {
			isa = PBXGroup;
			children = (
				2B06D99325D8BD7B001DE248 /* ContentView.swift */,
				2B06D99525D8BD7B001DE248 /* NotificationController.swift */,
				2B06D99725D8BD7B001DE248 /* NotificationView.swift */,
				2B06D99925D8BD7B001DE248 /* ComplicationController.swift */,
				2B06D99B25D8BD7B001DE248 /* Assets.xcassets */,
				2B06D9A025D8BD7C001DE248 /* Info.plist */,
				2B06D9A125D8BD7C001DE248 /* PushNotificationPayload.apns */,
				2B06D99D25D8BD7B001DE248 /* Preview Content */,
				2B06D9C825D8C00E001DE248 /* LandmarkDetail.swift */,
			);
			path = "WatchLandmarks Extension";
			sourceTree = "<group>";
		};
		2B06D99D25D8BD7B001DE248 /* Preview Content */ = {
			isa = PBXGroup;
			children = (
				2B06D99E25D8BD7B001DE248 /* Preview Assets.xcassets */,
			);
			path = "Preview Content";
			sourceTree = "<group>";
		};
		2B861BAF25CF96A700093AB5 = {
			isa = PBXGroup;
			children = (
				2B861BBA25CF96A800093AB5 /* Landmarks */,
				2B06D98425D8BD79001DE248 /* WatchLandmarks */,
				2B06D99025D8BD7B001DE248 /* WatchLandmarks Extension */,
				2B861BB925CF96A800093AB5 /* Products */,
			);
			sourceTree = "<group>";
		};
		2B861BB925CF96A800093AB5 /* Products */ = {
			isa = PBXGroup;
			children = (
				2B861BB825CF96A800093AB5 /* Landmarks.app */,
				2B06D98325D8BD79001DE248 /* WatchLandmarks.app */,
				2B06D98C25D8BD7A001DE248 /* WatchLandmarks Extension.appex */,
			);
			name = Products;
			sourceTree = "<group>";
		};
		2B861BBA25CF96A800093AB5 /* Landmarks */ = {
			isa = PBXGroup;
			children = (
				2B861BBB25CF96A800093AB5 /* LandmarksApp.swift */,
				2B861BDD25CFD90600093AB5 /* Views */,
				2B861BDF25CFD91100093AB5 /* Model */,
				2B861BE125CFD92300093AB5 /* Resources */,
				2B861BBF25CF96A900093AB5 /* Assets.xcassets */,
				2B861BC425CF96A900093AB5 /* Info.plist */,
				2B861BC125CF96A900093AB5 /* Preview Content */,
			);
			path = Landmarks;
			sourceTree = "<group>";
		};
		2B861BC125CF96A900093AB5 /* Preview Content */ = {
			isa = PBXGroup;
			children = (
				2B861BC225CF96A900093AB5 /* Preview Assets.xcassets */,
			);
			path = "Preview Content";
			sourceTree = "<group>";
		};
		2B861BDD25CFD90600093AB5 /* Views */ = {
			isa = PBXGroup;
			children = (
				2B861BBD25CF96A800093AB5 /* ContentView.swift */,
				2B8E243225D3A2420082D3ED /* PageView */,
				2B8E242425D273910082D3ED /* Profiles */,
				2B8E241125D22FCC0082D3ED /* Categories */,
				2B8E240425D0F8A60082D3ED /* Hikes */,
				2BFAA31A25CFFA3E00C01331 /* Landmarks */,
				2BFAA31B25CFFA6B00C01331 /* Helpers */,
				2B8E23FA25D0ED6B0082D3ED /* Badges */,
			);
			path = Views;
			sourceTree = "<group>";
		};
		2B861BDF25CFD91100093AB5 /* Model */ = {
			isa = PBXGroup;
			children = (
				2B861BD625CFD5C000093AB5 /* Landmark.swift */,
				2B861BDA25CFD76F00093AB5 /* ModelData.swift */,
				2B8E240025D0F5A70082D3ED /* Hike.swift */,
				2B8E242125D272500082D3ED /* Profile.swift */,
			);
			path = Model;
			sourceTree = "<group>";
		};
		2B861BE125CFD92300093AB5 /* Resources */ = {
			isa = PBXGroup;
			children = (
				2B8E23FD25D0F54C0082D3ED /* hikeData.json */,
				2B861BD325CFD59900093AB5 /* landmarkData.json */,
			);
			path = Resources;
			sourceTree = "<group>";
		};
		2B8E23FA25D0ED6B0082D3ED /* Badges */ = {
			isa = PBXGroup;
			children = (
				2B8E23EB25D0D9D10082D3ED /* HexagonParameters.swift */,
				2B8E23EE25D0DD520082D3ED /* BadgeBackground.swift */,
				2B8E23F125D0E71D0082D3ED /* BadgeSymbol.swift */,
				2B8E23F425D0EA880082D3ED /* RotatedBadgeSymbol.swift */,
				2B8E23F725D0EB790082D3ED /* Badge.swift */,
			);
			path = Badges;
			sourceTree = "<group>";
		};
		2B8E240425D0F8A60082D3ED /* Hikes */ = {
			isa = PBXGroup;
			children = (
				2B8E240525D0F8A60082D3ED /* GraphCapsule.swift */,
				2B8E240625D0F8A60082D3ED /* HikeGraph.swift */,
				2B8E240725D0F8A60082D3ED /* HikeDetail.swift */,
				2B8E240825D0F8A60082D3ED /* HikeView.swift */,
				2B8E242C25D275260082D3ED /* HikeBadge.swift */,
			);
			path = Hikes;
			sourceTree = "<group>";
		};
		2B8E241125D22FCC0082D3ED /* Categories */ = {
			isa = PBXGroup;
			children = (
				2B8E241225D22FEF0082D3ED /* CategoryHome.swift */,
				2B8E241625D235B60082D3ED /* CategoryRow.swift */,
				2B8E241D25D237180082D3ED /* CategoryItem.swift */,
			);
			path = Categories;
			sourceTree = "<group>";
		};
		2B8E242425D273910082D3ED /* Profiles */ = {
			isa = PBXGroup;
			children = (
				2B8E242525D273AB0082D3ED /* ProfileHost.swift */,
				2B8E242925D274040082D3ED /* ProfileSummary.swift */,
				2B8E242F25D282650082D3ED /* ProfileEditor.swift */,
			);
			path = Profiles;
			sourceTree = "<group>";
		};
		2B8E243225D3A2420082D3ED /* PageView */ = {
			isa = PBXGroup;
			children = (
				2B8E243325D3A2680082D3ED /* PageViewController.swift */,
				2B8E243725D3A5170082D3ED /* FeatureCard.swift */,
				2B8E243A25D3A6820082D3ED /* PageView.swift */,
				2B8E244125D3D37C0082D3ED /* PageControl.swift */,
			);
			path = PageView;
			sourceTree = "<group>";
		};
		2BFAA31A25CFFA3E00C01331 /* Landmarks */ = {
			isa = PBXGroup;
			children = (
				2B861BE225CFD96B00093AB5 /* LandmarkRow.swift */,
				2BFAA31125CFDEA500C01331 /* LandmarkList.swift */,
				2BFAA31425CFDFDF00C01331 /* LandmarkDetail.swift */,
			);
			path = Landmarks;
			sourceTree = "<group>";
		};
		2BFAA31B25CFFA6B00C01331 /* Helpers */ = {
			isa = PBXGroup;
			children = (
				2B861BCB25CF9B3400093AB5 /* CircleImage.swift */,
				2B861BCF25CF9D4E00093AB5 /* MapView.swift */,
				2BFAA31725CFF97400C01331 /* FavoriteButton.swift */,
			);
			path = Helpers;
			sourceTree = "<group>";
		};
/* End PBXGroup section */

/* Begin PBXNativeTarget section */
		2B06D98225D8BD79001DE248 /* WatchLandmarks */ = {
			isa = PBXNativeTarget;
			buildConfigurationList = 2B06D9AC25D8BD7C001DE248 /* Build configuration list for PBXNativeTarget "WatchLandmarks" */;
			buildPhases = (
				2B06D98125D8BD79001DE248 /* Resources */,
				2B06D9A825D8BD7C001DE248 /* Embed App Extensions */,
			);
			buildRules = (
			);
			dependencies = (
				2B06D98F25D8BD7A001DE248 /* PBXTargetDependency */,
			);
			name = WatchLandmarks;
			productName = WatchLandmarks;
			productReference = 2B06D98325D8BD79001DE248 /* WatchLandmarks.app */;
			productType = "com.apple.product-type.application.watchapp2";
		};
		2B06D98B25D8BD7A001DE248 /* WatchLandmarks Extension */ = {
			isa = PBXNativeTarget;
			buildConfigurationList = 2B06D9AB25D8BD7C001DE248 /* Build configuration list for PBXNativeTarget "WatchLandmarks Extension" */;
			buildPhases = (
				2B06D98825D8BD7A001DE248 /* Sources */,
				2B06D98925D8BD7A001DE248 /* Frameworks */,
				2B06D98A25D8BD7A001DE248 /* Resources */,
			);
			buildRules = (
			);
			dependencies = (
			);
			name = "WatchLandmarks Extension";
			productName = "WatchLandmarks Extension";
			productReference = 2B06D98C25D8BD7A001DE248 /* WatchLandmarks Extension.appex */;
			productType = "com.apple.product-type.watchkit2-extension";
		};
		2B861BB725CF96A800093AB5 /* Landmarks */ = {
			isa = PBXNativeTarget;
			buildConfigurationList = 2B861BC725CF96A900093AB5 /* Build configuration list for PBXNativeTarget "Landmarks" */;
			buildPhases = (
				2B861BB425CF96A800093AB5 /* Sources */,
				2B861BB525CF96A800093AB5 /* Frameworks */,
				2B861BB625CF96A800093AB5 /* Resources */,
				2B06D9A525D8BD7C001DE248 /* Embed Watch Content */,
			);
			buildRules = (
			);
			dependencies = (
				2B06D9A325D8BD7C001DE248 /* PBXTargetDependency */,
			);
			name = Landmarks;
			productName = Landmarks;
			productReference = 2B861BB825CF96A800093AB5 /* Landmarks.app */;
			productType = "com.apple.product-type.application";
		};
/* End PBXNativeTarget section */

/* Begin PBXProject section */
		2B861BB025CF96A700093AB5 /* Project object */ = {
			isa = PBXProject;
			attributes = {
				LastSwiftUpdateCheck = 1240;
				LastUpgradeCheck = 1240;
				TargetAttributes = {
					2B06D98225D8BD79001DE248 = {
						CreatedOnToolsVersion = 12.4;
					};
					2B06D98B25D8BD7A001DE248 = {
						CreatedOnToolsVersion = 12.4;
					};
					2B861BB725CF96A800093AB5 = {
						CreatedOnToolsVersion = 12.4;
					};
				};
			};
			buildConfigurationList = 2B861BB325CF96A700093AB5 /* Build configuration list for PBXProject "Landmarks" */;
			compatibilityVersion = "Xcode 9.3";
			developmentRegion = en;
			hasScannedForEncodings = 0;
			knownRegions = (
				en,
				Base,
			);
			mainGroup = 2B861BAF25CF96A700093AB5;
			productRefGroup = 2B861BB925CF96A800093AB5 /* Products */;
			projectDirPath = "";
			projectRoot = "";
			targets = (
				2B861BB725CF96A800093AB5 /* Landmarks */,
				2B06D98225D8BD79001DE248 /* WatchLandmarks */,
				2B06D98B25D8BD7A001DE248 /* WatchLandmarks Extension */,
			);
		};
/* End PBXProject section */

/* Begin PBXResourcesBuildPhase section */
		2B06D98125D8BD79001DE248 /* Resources */ = {
			isa = PBXResourcesBuildPhase;
			buildActionMask = 2147483647;
			files = (
				2B06D98625D8BD7A001DE248 /* Assets.xcassets in Resources */,
			);
			runOnlyForDeploymentPostprocessing = 0;
		};
		2B06D98A25D8BD7A001DE248 /* Resources */ = {
			isa = PBXResourcesBuildPhase;
			buildActionMask = 2147483647;
			files = (
				2B06D9BB25D8BF4D001DE248 /* hikeData.json in Resources */,
				2B06D99F25D8BD7B001DE248 /* Preview Assets.xcassets in Resources */,
				2B06D99C25D8BD7B001DE248 /* Assets.xcassets in Resources */,
				2B06D9B925D8BF4D001DE248 /* landmarkData.json in Resources */,
				2B06D9C425D8BF4D001DE248 /* Assets.xcassets in Resources */,
			);
			runOnlyForDeploymentPostprocessing = 0;
		};
		2B861BB625CF96A800093AB5 /* Resources */ = {
			isa = PBXResourcesBuildPhase;
			buildActionMask = 2147483647;
			files = (
				2B8E23FE25D0F54C0082D3ED /* hikeData.json in Resources */,
				2B861BC325CF96A900093AB5 /* Preview Assets.xcassets in Resources */,
				2B861BC025CF96A900093AB5 /* Assets.xcassets in Resources */,
				2B861BD425CFD59900093AB5 /* landmarkData.json in Resources */,
			);
			runOnlyForDeploymentPostprocessing = 0;
		};
/* End PBXResourcesBuildPhase section */

/* Begin PBXSourcesBuildPhase section */
		2B06D98825D8BD7A001DE248 /* Sources */ = {
			isa = PBXSourcesBuildPhase;
			buildActionMask = 2147483647;
			files = (
				2B06D99625D8BD7B001DE248 /* NotificationController.swift in Sources */,
				2B06D9C025D8BF4D001DE248 /* Profile.swift in Sources */,
				2B06D9BC25D8BF4D001DE248 /* LandmarkList.swift in Sources */,
				2B06D9BF25D8BF4D001DE248 /* ModelData.swift in Sources */,
				2B06D9C325D8BF4D001DE248 /* MapView.swift in Sources */,
				2B06D9C125D8BF4D001DE248 /* Hike.swift in Sources */,
				2B06D9C925D8C00E001DE248 /* LandmarkDetail.swift in Sources */,
				2B06D99425D8BD7B001DE248 /* ContentView.swift in Sources */,
				2B06D9BE25D8BF4D001DE248 /* Landmark.swift in Sources */,
				2B06D9C225D8BF4D001DE248 /* LandmarksApp.swift in Sources */,
				2B06D99A25D8BD7B001DE248 /* ComplicationController.swift in Sources */,
				2B06D99825D8BD7B001DE248 /* NotificationView.swift in Sources */,
				2B06D9BD25D8BF4D001DE248 /* LandmarkRow.swift in Sources */,
				2B06D9BA25D8BF4D001DE248 /* CircleImage.swift in Sources */,
			);
			runOnlyForDeploymentPostprocessing = 0;
		};
		2B861BB425CF96A800093AB5 /* Sources */ = {
			isa = PBXSourcesBuildPhase;
			buildActionMask = 2147483647;
			files = (
				2B8E241725D235B60082D3ED /* CategoryRow.swift in Sources */,
				2B8E242225D272500082D3ED /* Profile.swift in Sources */,
				2B861BBE25CF96A800093AB5 /* ContentView.swift in Sources */,
				2B8E240A25D0F8A60082D3ED /* HikeGraph.swift in Sources */,
				2B8E243825D3A5170082D3ED /* FeatureCard.swift in Sources */,
				2B8E23F825D0EB790082D3ED /* Badge.swift in Sources */,
				2B861BD025CF9D4E00093AB5 /* MapView.swift in Sources */,
				2B8E240925D0F8A60082D3ED /* GraphCapsule.swift in Sources */,
				2B861BBC25CF96A800093AB5 /* LandmarksApp.swift in Sources */,
				2BFAA31825CFF97400C01331 /* FavoriteButton.swift in Sources */,
				2B8E244225D3D37C0082D3ED /* PageControl.swift in Sources */,
				2B8E240B25D0F8A60082D3ED /* HikeDetail.swift in Sources */,
				2B8E241E25D237180082D3ED /* CategoryItem.swift in Sources */,
				2B8E23EC25D0D9D10082D3ED /* HexagonParameters.swift in Sources */,
				2B8E242A25D274040082D3ED /* ProfileSummary.swift in Sources */,
				2B8E241325D22FEF0082D3ED /* CategoryHome.swift in Sources */,
				2B8E242625D273AB0082D3ED /* ProfileHost.swift in Sources */,
				2B8E23F525D0EA880082D3ED /* RotatedBadgeSymbol.swift in Sources */,
				2B8E23F225D0E71D0082D3ED /* BadgeSymbol.swift in Sources */,
				2B8E243B25D3A6820082D3ED /* PageView.swift in Sources */,
				2BFAA31225CFDEA500C01331 /* LandmarkList.swift in Sources */,
				2B8E243025D282650082D3ED /* ProfileEditor.swift in Sources */,
				2BFAA31525CFDFDF00C01331 /* LandmarkDetail.swift in Sources */,
				2B8E240C25D0F8A60082D3ED /* HikeView.swift in Sources */,
				2B8E240125D0F5A70082D3ED /* Hike.swift in Sources */,
				2B8E243425D3A2680082D3ED /* PageViewController.swift in Sources */,
				2B8E23EF25D0DD520082D3ED /* BadgeBackground.swift in Sources */,
				2B8E242D25D275260082D3ED /* HikeBadge.swift in Sources */,
				2B861BCC25CF9B3400093AB5 /* CircleImage.swift in Sources */,
				2B861BD725CFD5C000093AB5 /* Landmark.swift in Sources */,
				2B861BE325CFD96B00093AB5 /* LandmarkRow.swift in Sources */,
				2B861BDB25CFD76F00093AB5 /* ModelData.swift in Sources */,
			);
			runOnlyForDeploymentPostprocessing = 0;
		};
/* End PBXSourcesBuildPhase section */

/* Begin PBXTargetDependency section */
		2B06D98F25D8BD7A001DE248 /* PBXTargetDependency */ = {
			isa = PBXTargetDependency;
			target = 2B06D98B25D8BD7A001DE248 /* WatchLandmarks Extension */;
			targetProxy = 2B06D98E25D8BD7A001DE248 /* PBXContainerItemProxy */;
		};
		2B06D9A325D8BD7C001DE248 /* PBXTargetDependency */ = {
			isa = PBXTargetDependency;
			target = 2B06D98225D8BD79001DE248 /* WatchLandmarks */;
			targetProxy = 2B06D9A225D8BD7C001DE248 /* PBXContainerItemProxy */;
		};
/* End PBXTargetDependency section */

/* Begin XCBuildConfiguration section */
		2B06D9A625D8BD7C001DE248 /* Debug */ = {
			isa = XCBuildConfiguration;
			buildSettings = {
				ALWAYS_EMBED_SWIFT_STANDARD_LIBRARIES = YES;
				ASSETCATALOG_COMPILER_APPICON_NAME = AppIcon;
				ASSETCATALOG_COMPILER_GLOBAL_ACCENT_COLOR_NAME = AccentColor;
				CODE_SIGN_STYLE = Automatic;
				DEVELOPMENT_TEAM = 8FD7H88AFX;
				IBSC_MODULE = WatchLandmarks_Extension;
				INFOPLIST_FILE = WatchLandmarks/Info.plist;
				PRODUCT_BUNDLE_IDENTIFIER = com.santaputra.Landmarks.watchkitapp;
				PRODUCT_NAME = "$(TARGET_NAME)";
				SDKROOT = watchos;
				SKIP_INSTALL = YES;
				SWIFT_VERSION = 5.0;
				TARGETED_DEVICE_FAMILY = 4;
				WATCHOS_DEPLOYMENT_TARGET = 7.2;
			};
			name = Debug;
		};
		2B06D9A725D8BD7C001DE248 /* Release */ = {
			isa = XCBuildConfiguration;
			buildSettings = {
				ALWAYS_EMBED_SWIFT_STANDARD_LIBRARIES = YES;
				ASSETCATALOG_COMPILER_APPICON_NAME = AppIcon;
				ASSETCATALOG_COMPILER_GLOBAL_ACCENT_COLOR_NAME = AccentColor;
				CODE_SIGN_STYLE = Automatic;
				DEVELOPMENT_TEAM = 8FD7H88AFX;
				IBSC_MODULE = WatchLandmarks_Extension;
				INFOPLIST_FILE = WatchLandmarks/Info.plist;
				PRODUCT_BUNDLE_IDENTIFIER = com.santaputra.Landmarks.watchkitapp;
				PRODUCT_NAME = "$(TARGET_NAME)";
				SDKROOT = watchos;
				SKIP_INSTALL = YES;
				SWIFT_VERSION = 5.0;
				TARGETED_DEVICE_FAMILY = 4;
				WATCHOS_DEPLOYMENT_TARGET = 7.2;
			};
			name = Release;
		};
		2B06D9A925D8BD7C001DE248 /* Debug */ = {
			isa = XCBuildConfiguration;
			buildSettings = {
				ASSETCATALOG_COMPILER_COMPLICATION_NAME = Complication;
				CODE_SIGN_STYLE = Automatic;
				DEVELOPMENT_ASSET_PATHS = "\"WatchLandmarks Extension/Preview Content\"";
				DEVELOPMENT_TEAM = 8FD7H88AFX;
				ENABLE_PREVIEWS = YES;
				INFOPLIST_FILE = "WatchLandmarks Extension/Info.plist";
				LD_RUNPATH_SEARCH_PATHS = (
					"$(inherited)",
					"@executable_path/Frameworks",
					"@executable_path/../../Frameworks",
				);
				PRODUCT_BUNDLE_IDENTIFIER = com.santaputra.Landmarks.watchkitapp.watchkitextension;
				PRODUCT_NAME = "${TARGET_NAME}";
				SDKROOT = watchos;
				SKIP_INSTALL = YES;
				SWIFT_VERSION = 5.0;
				TARGETED_DEVICE_FAMILY = 4;
				WATCHOS_DEPLOYMENT_TARGET = 7.2;
			};
			name = Debug;
		};
		2B06D9AA25D8BD7C001DE248 /* Release */ = {
			isa = XCBuildConfiguration;
			buildSettings = {
				ASSETCATALOG_COMPILER_COMPLICATION_NAME = Complication;
				CODE_SIGN_STYLE = Automatic;
				DEVELOPMENT_ASSET_PATHS = "\"WatchLandmarks Extension/Preview Content\"";
				DEVELOPMENT_TEAM = 8FD7H88AFX;
				ENABLE_PREVIEWS = YES;
				INFOPLIST_FILE = "WatchLandmarks Extension/Info.plist";
				LD_RUNPATH_SEARCH_PATHS = (
					"$(inherited)",
					"@executable_path/Frameworks",
					"@executable_path/../../Frameworks",
				);
				PRODUCT_BUNDLE_IDENTIFIER = com.santaputra.Landmarks.watchkitapp.watchkitextension;
				PRODUCT_NAME = "${TARGET_NAME}";
				SDKROOT = watchos;
				SKIP_INSTALL = YES;
				SWIFT_VERSION = 5.0;
				TARGETED_DEVICE_FAMILY = 4;
				WATCHOS_DEPLOYMENT_TARGET = 7.2;
			};
			name = Release;
		};
		2B861BC525CF96A900093AB5 /* Debug */ = {
			isa = XCBuildConfiguration;
			buildSettings = {
				ALWAYS_SEARCH_USER_PATHS = NO;
				CLANG_ANALYZER_NONNULL = YES;
				CLANG_ANALYZER_NUMBER_OBJECT_CONVERSION = YES_AGGRESSIVE;
				CLANG_CXX_LANGUAGE_STANDARD = "gnu++14";
				CLANG_CXX_LIBRARY = "libc++";
				CLANG_ENABLE_MODULES = YES;
				CLANG_ENABLE_OBJC_ARC = YES;
				CLANG_ENABLE_OBJC_WEAK = YES;
				CLANG_WARN_BLOCK_CAPTURE_AUTORELEASING = YES;
				CLANG_WARN_BOOL_CONVERSION = YES;
				CLANG_WARN_COMMA = YES;
				CLANG_WARN_CONSTANT_CONVERSION = YES;
				CLANG_WARN_DEPRECATED_OBJC_IMPLEMENTATIONS = YES;
				CLANG_WARN_DIRECT_OBJC_ISA_USAGE = YES_ERROR;
				CLANG_WARN_DOCUMENTATION_COMMENTS = YES;
				CLANG_WARN_EMPTY_BODY = YES;
				CLANG_WARN_ENUM_CONVERSION = YES;
				CLANG_WARN_INFINITE_RECURSION = YES;
				CLANG_WARN_INT_CONVERSION = YES;
				CLANG_WARN_NON_LITERAL_NULL_CONVERSION = YES;
				CLANG_WARN_OBJC_IMPLICIT_RETAIN_SELF = YES;
				CLANG_WARN_OBJC_LITERAL_CONVERSION = YES;
				CLANG_WARN_OBJC_ROOT_CLASS = YES_ERROR;
				CLANG_WARN_QUOTED_INCLUDE_IN_FRAMEWORK_HEADER = YES;
				CLANG_WARN_RANGE_LOOP_ANALYSIS = YES;
				CLANG_WARN_STRICT_PROTOTYPES = YES;
				CLANG_WARN_SUSPICIOUS_MOVE = YES;
				CLANG_WARN_UNGUARDED_AVAILABILITY = YES_AGGRESSIVE;
				CLANG_WARN_UNREACHABLE_CODE = YES;
				CLANG_WARN__DUPLICATE_METHOD_MATCH = YES;
				COPY_PHASE_STRIP = NO;
				DEBUG_INFORMATION_FORMAT = dwarf;
				ENABLE_STRICT_OBJC_MSGSEND = YES;
				ENABLE_TESTABILITY = YES;
				GCC_C_LANGUAGE_STANDARD = gnu11;
				GCC_DYNAMIC_NO_PIC = NO;
				GCC_NO_COMMON_BLOCKS = YES;
				GCC_OPTIMIZATION_LEVEL = 0;
				GCC_PREPROCESSOR_DEFINITIONS = (
					"DEBUG=1",
					"$(inherited)",
				);
				GCC_WARN_64_TO_32_BIT_CONVERSION = YES;
				GCC_WARN_ABOUT_RETURN_TYPE = YES_ERROR;
				GCC_WARN_UNDECLARED_SELECTOR = YES;
				GCC_WARN_UNINITIALIZED_AUTOS = YES_AGGRESSIVE;
				GCC_WARN_UNUSED_FUNCTION = YES;
				GCC_WARN_UNUSED_VARIABLE = YES;
				IPHONEOS_DEPLOYMENT_TARGET = 14.4;
				MTL_ENABLE_DEBUG_INFO = INCLUDE_SOURCE;
				MTL_FAST_MATH = YES;
				ONLY_ACTIVE_ARCH = YES;
				SDKROOT = iphoneos;
				SWIFT_ACTIVE_COMPILATION_CONDITIONS = DEBUG;
				SWIFT_OPTIMIZATION_LEVEL = "-Onone";
			};
			name = Debug;
		};
		2B861BC625CF96A900093AB5 /* Release */ = {
			isa = XCBuildConfiguration;
			buildSettings = {
				ALWAYS_SEARCH_USER_PATHS = NO;
				CLANG_ANALYZER_NONNULL = YES;
				CLANG_ANALYZER_NUMBER_OBJECT_CONVERSION = YES_AGGRESSIVE;
				CLANG_CXX_LANGUAGE_STANDARD = "gnu++14";
				CLANG_CXX_LIBRARY = "libc++";
				CLANG_ENABLE_MODULES = YES;
				CLANG_ENABLE_OBJC_ARC = YES;
				CLANG_ENABLE_OBJC_WEAK = YES;
				CLANG_WARN_BLOCK_CAPTURE_AUTORELEASING = YES;
				CLANG_WARN_BOOL_CONVERSION = YES;
				CLANG_WARN_COMMA = YES;
				CLANG_WARN_CONSTANT_CONVERSION = YES;
				CLANG_WARN_DEPRECATED_OBJC_IMPLEMENTATIONS = YES;
				CLANG_WARN_DIRECT_OBJC_ISA_USAGE = YES_ERROR;
				CLANG_WARN_DOCUMENTATION_COMMENTS = YES;
				CLANG_WARN_EMPTY_BODY = YES;
				CLANG_WARN_ENUM_CONVERSION = YES;
				CLANG_WARN_INFINITE_RECURSION = YES;
				CLANG_WARN_INT_CONVERSION = YES;
				CLANG_WARN_NON_LITERAL_NULL_CONVERSION = YES;
				CLANG_WARN_OBJC_IMPLICIT_RETAIN_SELF = YES;
				CLANG_WARN_OBJC_LITERAL_CONVERSION = YES;
				CLANG_WARN_OBJC_ROOT_CLASS = YES_ERROR;
				CLANG_WARN_QUOTED_INCLUDE_IN_FRAMEWORK_HEADER = YES;
				CLANG_WARN_RANGE_LOOP_ANALYSIS = YES;
				CLANG_WARN_STRICT_PROTOTYPES = YES;
				CLANG_WARN_SUSPICIOUS_MOVE = YES;
				CLANG_WARN_UNGUARDED_AVAILABILITY = YES_AGGRESSIVE;
				CLANG_WARN_UNREACHABLE_CODE = YES;
				CLANG_WARN__DUPLICATE_METHOD_MATCH = YES;
				COPY_PHASE_STRIP = NO;
				DEBUG_INFORMATION_FORMAT = "dwarf-with-dsym";
				ENABLE_NS_ASSERTIONS = NO;
				ENABLE_STRICT_OBJC_MSGSEND = YES;
				GCC_C_LANGUAGE_STANDARD = gnu11;
				GCC_NO_COMMON_BLOCKS = YES;
				GCC_WARN_64_TO_32_BIT_CONVERSION = YES;
				GCC_WARN_ABOUT_RETURN_TYPE = YES_ERROR;
				GCC_WARN_UNDECLARED_SELECTOR = YES;
				GCC_WARN_UNINITIALIZED_AUTOS = YES_AGGRESSIVE;
				GCC_WARN_UNUSED_FUNCTION = YES;
				GCC_WARN_UNUSED_VARIABLE = YES;
				IPHONEOS_DEPLOYMENT_TARGET = 14.4;
				MTL_ENABLE_DEBUG_INFO = NO;
				MTL_FAST_MATH = YES;
				SDKROOT = iphoneos;
				SWIFT_COMPILATION_MODE = wholemodule;
				SWIFT_OPTIMIZATION_LEVEL = "-O";
				VALIDATE_PRODUCT = YES;
			};
			name = Release;
		};
		2B861BC825CF96A900093AB5 /* Debug */ = {
			isa = XCBuildConfiguration;
			buildSettings = {
				ASSETCATALOG_COMPILER_APPICON_NAME = AppIcon;
				ASSETCATALOG_COMPILER_GLOBAL_ACCENT_COLOR_NAME = AccentColor;
				CODE_SIGN_STYLE = Automatic;
				DEVELOPMENT_ASSET_PATHS = "\"Landmarks/Preview Content\"";
				DEVELOPMENT_TEAM = 8FD7H88AFX;
				ENABLE_PREVIEWS = YES;
				INFOPLIST_FILE = Landmarks/Info.plist;
				IPHONEOS_DEPLOYMENT_TARGET = 14.0;
				LD_RUNPATH_SEARCH_PATHS = (
					"$(inherited)",
					"@executable_path/Frameworks",
				);
				PRODUCT_BUNDLE_IDENTIFIER = com.santaputra.Landmarks;
				PRODUCT_NAME = "$(TARGET_NAME)";
				SWIFT_VERSION = 5.0;
				TARGETED_DEVICE_FAMILY = "1,2";
			};
			name = Debug;
		};
		2B861BC925CF96A900093AB5 /* Release */ = {
			isa = XCBuildConfiguration;
			buildSettings = {
				ASSETCATALOG_COMPILER_APPICON_NAME = AppIcon;
				ASSETCATALOG_COMPILER_GLOBAL_ACCENT_COLOR_NAME = AccentColor;
				CODE_SIGN_STYLE = Automatic;
				DEVELOPMENT_ASSET_PATHS = "\"Landmarks/Preview Content\"";
				DEVELOPMENT_TEAM = 8FD7H88AFX;
				ENABLE_PREVIEWS = YES;
				INFOPLIST_FILE = Landmarks/Info.plist;
				IPHONEOS_DEPLOYMENT_TARGET = 14.0;
				LD_RUNPATH_SEARCH_PATHS = (
					"$(inherited)",
					"@executable_path/Frameworks",
				);
				PRODUCT_BUNDLE_IDENTIFIER = com.santaputra.Landmarks;
				PRODUCT_NAME = "$(TARGET_NAME)";
				SWIFT_VERSION = 5.0;
				TARGETED_DEVICE_FAMILY = "1,2";
			};
			name = Release;
		};
/* End XCBuildConfiguration section */

/* Begin XCConfigurationList section */
		2B06D9AB25D8BD7C001DE248 /* Build configuration list for PBXNativeTarget "WatchLandmarks Extension" */ = {
			isa = XCConfigurationList;
			buildConfigurations = (
				2B06D9A925D8BD7C001DE248 /* Debug */,
				2B06D9AA25D8BD7C001DE248 /* Release */,
			);
			defaultConfigurationIsVisible = 0;
			defaultConfigurationName = Release;
		};
		2B06D9AC25D8BD7C001DE248 /* Build configuration list for PBXNativeTarget "WatchLandmarks" */ = {
			isa = XCConfigurationList;
			buildConfigurations = (
				2B06D9A625D8BD7C001DE248 /* Debug */,
				2B06D9A725D8BD7C001DE248 /* Release */,
			);
			defaultConfigurationIsVisible = 0;
			defaultConfigurationName = Release;
		};
		2B861BB325CF96A700093AB5 /* Build configuration list for PBXProject "Landmarks" */ = {
			isa = XCConfigurationList;
			buildConfigurations = (
				2B861BC525CF96A900093AB5 /* Debug */,
				2B861BC625CF96A900093AB5 /* Release */,
			);
			defaultConfigurationIsVisible = 0;
			defaultConfigurationName = Release;
		};
		2B861BC725CF96A900093AB5 /* Build configuration list for PBXNativeTarget "Landmarks" */ = {
			isa = XCConfigurationList;
			buildConfigurations = (
				2B861BC825CF96A900093AB5 /* Debug */,
				2B861BC925CF96A900093AB5 /* Release */,
			);
			defaultConfigurationIsVisible = 0;
			defaultConfigurationName = Release;
		};
/* End XCConfigurationList section */
	};
	rootObject = 2B861BB025CF96A700093AB5 /* Project object */;
}
